
Microsoft Visual Studio Solution File, Format Version 12.00
# Visual Studio Version 16
VisualStudioVersion = 16.0.29418.71
MinimumVisualStudioVersion = 10.0.40219.1
Project("{F184B08F-C81C-45F6-A57F-5ABD9991F28F}") = "CCDO Document Traking System", "CCDO Document Traking System\CCDO Document Traking System.vbproj", "{D1770304-5289-4094-85A4-7AF7CC3E194F}"
EndProject
Global
	GlobalSection(SolutionConfigurationPlatforms) = preSolution
		Debug|Any CPU = Debug|Any CPU
		Release|Any CPU = Release|Any CPU
	EndGlobalSection
	GlobalSection(ProjectConfigurationPlatforms) = postSolution
		{D1770304-5289-4094-85A4-7AF7CC3E194F}.Debug|Any CPU.ActiveCfg = Debug|Any CPU
		{D1770304-5289-4094-85A4-7AF7CC3E194F}.Debug|Any CPU.Build.0 = Debug|Any CPU
		{D1770304-5289-4094-85A4-7AF7CC3E194F}.Release|Any CPU.ActiveCfg = Release|Any CPU
		{D1770304-5289-4094-85A4-7AF7CC3E194F}.Release|Any CPU.Build.0 = Release|Any CPU
	EndGlobalSection
	GlobalSection(SolutionProperties) = preSolution
		HideSolutionNode = FALSE
	EndGlobalSection
	GlobalSection(ExtensibilityGlobals) = postSolution
		SolutionGuid = {C278A5C1-ACEE-4774-8FCC-DC4A3627AE64}
	EndGlobalSection
EndGlobal
